// !$*UTF8*$!
{
	archiveVersion = 1;
	classes = {
	};
	objectVersion = 46;
	objects = {

/* Begin PBXBuildFile section */
		D0205AF21F1B869900A2B5A7 /* MemesTableViewController.swift in Sources */ = {isa = PBXBuildFile; fileRef = D0205AF11F1B869900A2B5A7 /* MemesTableViewController.swift */; };
		D0205AF41F1B86A700A2B5A7 /* MemesCollectionViewController.swift in Sources */ = {isa = PBXBuildFile; fileRef = D0205AF31F1B86A700A2B5A7 /* MemesCollectionViewController.swift */; };
		D0205AF61F1B898300A2B5A7 /* Meme.swift in Sources */ = {isa = PBXBuildFile; fileRef = D0205AF51F1B898300A2B5A7 /* Meme.swift */; };
		D0205AF81F1B8DBE00A2B5A7 /* MemeCollectionViewCell.swift in Sources */ = {isa = PBXBuildFile; fileRef = D0205AF71F1B8DBE00A2B5A7 /* MemeCollectionViewCell.swift */; };
		D0205AFA1F1B900000A2B5A7 /* MemeTableViewCell.swift in Sources */ = {isa = PBXBuildFile; fileRef = D0205AF91F1B900000A2B5A7 /* MemeTableViewCell.swift */; };
		D0205AFC1F1B929F00A2B5A7 /* Extensions.swift in Sources */ = {isa = PBXBuildFile; fileRef = D0205AFB1F1B929F00A2B5A7 /* Extensions.swift */; };
		D0205B001F1BA00300A2B5A7 /* MemeTextFieldDelegate.swift in Sources */ = {isa = PBXBuildFile; fileRef = D0205AFF1F1BA00300A2B5A7 /* MemeTextFieldDelegate.swift */; };
		D0205B061F1BA6FF00A2B5A7 /* MemeDetailViewController.swift in Sources */ = {isa = PBXBuildFile; fileRef = D0205B051F1BA6FF00A2B5A7 /* MemeDetailViewController.swift */; };
		D0AB76D11F17838600E27D5F /* AppDelegate.swift in Sources */ = {isa = PBXBuildFile; fileRef = D0AB76D01F17838600E27D5F /* AppDelegate.swift */; };
		D0AB76D31F17838600E27D5F /* MemeCaptureViewController.swift in Sources */ = {isa = PBXBuildFile; fileRef = D0AB76D21F17838600E27D5F /* MemeCaptureViewController.swift */; };
		D0AB76D61F17838600E27D5F /* Main.storyboard in Resources */ = {isa = PBXBuildFile; fileRef = D0AB76D41F17838600E27D5F /* Main.storyboard */; };
		D0AB76D81F17838700E27D5F /* Assets.xcassets in Resources */ = {isa = PBXBuildFile; fileRef = D0AB76D71F17838700E27D5F /* Assets.xcassets */; };
		D0AB76DB1F17838700E27D5F /* LaunchScreen.storyboard in Resources */ = {isa = PBXBuildFile; fileRef = D0AB76D91F17838700E27D5F /* LaunchScreen.storyboard */; };
		D0AB76E61F17838700E27D5F /* MemeAppTests.swift in Sources */ = {isa = PBXBuildFile; fileRef = D0AB76E51F17838700E27D5F /* MemeAppTests.swift */; };
		D0AB76F11F17838700E27D5F /* MemeAppUITests.swift in Sources */ = {isa = PBXBuildFile; fileRef = D0AB76F01F17838700E27D5F /* MemeAppUITests.swift */; };
/* End PBXBuildFile section */

/* Begin PBXContainerItemProxy section */
		D0AB76E21F17838700E27D5F /* PBXContainerItemProxy */ = {
			isa = PBXContainerItemProxy;
			containerPortal = D0AB76C51F17838600E27D5F /* Project object */;
			proxyType = 1;
			remoteGlobalIDString = D0AB76CC1F17838600E27D5F;
			remoteInfo = MemeApp;
		};
		D0AB76ED1F17838700E27D5F /* PBXContainerItemProxy */ = {
			isa = PBXContainerItemProxy;
			containerPortal = D0AB76C51F17838600E27D5F /* Project object */;
			proxyType = 1;
			remoteGlobalIDString = D0AB76CC1F17838600E27D5F;
			remoteInfo = MemeApp;
		};
/* End PBXContainerItemProxy section */

/* Begin PBXFileReference section */
		D0205AF11F1B869900A2B5A7 /* MemesTableViewController.swift */ = {isa = PBXFileReference; lastKnownFileType = sourcecode.swift; path = MemesTableViewController.swift; sourceTree = "<group>"; };
		D0205AF31F1B86A700A2B5A7 /* MemesCollectionViewController.swift */ = {isa = PBXFileReference; lastKnownFileType = sourcecode.swift; path = MemesCollectionViewController.swift; sourceTree = "<group>"; };
		D0205AF51F1B898300A2B5A7 /* Meme.swift */ = {isa = PBXFileReference; lastKnownFileType = sourcecode.swift; path = Meme.swift; sourceTree = "<group>"; };
		D0205AF71F1B8DBE00A2B5A7 /* MemeCollectionViewCell.swift */ = {isa = PBXFileReference; lastKnownFileType = sourcecode.swift; path = MemeCollectionViewCell.swift; sourceTree = "<group>"; };
		D0205AF91F1B900000A2B5A7 /* MemeTableViewCell.swift */ = {isa = PBXFileReference; lastKnownFileType = sourcecode.swift; path = MemeTableViewCell.swift; sourceTree = "<group>"; };
		D0205AFB1F1B929F00A2B5A7 /* Extensions.swift */ = {isa = PBXFileReference; lastKnownFileType = sourcecode.swift; path = Extensions.swift; sourceTree = "<group>"; };
		D0205AFF1F1BA00300A2B5A7 /* MemeTextFieldDelegate.swift */ = {isa = PBXFileReference; lastKnownFileType = sourcecode.swift; path = MemeTextFieldDelegate.swift; sourceTree = "<group>"; };
		D0205B051F1BA6FF00A2B5A7 /* MemeDetailViewController.swift */ = {isa = PBXFileReference; lastKnownFileType = sourcecode.swift; path = MemeDetailViewController.swift; sourceTree = "<group>"; };
		D0AB76CD1F17838600E27D5F /* MemeApp.app */ = {isa = PBXFileReference; explicitFileType = wrapper.application; includeInIndex = 0; path = MemeApp.app; sourceTree = BUILT_PRODUCTS_DIR; };
		D0AB76D01F17838600E27D5F /* AppDelegate.swift */ = {isa = PBXFileReference; lastKnownFileType = sourcecode.swift; path = AppDelegate.swift; sourceTree = "<group>"; };
		D0AB76D21F17838600E27D5F /* MemeCaptureViewController.swift */ = {isa = PBXFileReference; lastKnownFileType = sourcecode.swift; path = MemeCaptureViewController.swift; sourceTree = "<group>"; };
		D0AB76D51F17838600E27D5F /* Base */ = {isa = PBXFileReference; lastKnownFileType = file.storyboard; name = Base; path = Base.lproj/Main.storyboard; sourceTree = "<group>"; };
		D0AB76D71F17838700E27D5F /* Assets.xcassets */ = {isa = PBXFileReference; lastKnownFileType = folder.assetcatalog; path = Assets.xcassets; sourceTree = "<group>"; };
		D0AB76DA1F17838700E27D5F /* Base */ = {isa = PBXFileReference; lastKnownFileType = file.storyboard; name = Base; path = Base.lproj/LaunchScreen.storyboard; sourceTree = "<group>"; };
		D0AB76DC1F17838700E27D5F /* Info.plist */ = {isa = PBXFileReference; lastKnownFileType = text.plist.xml; path = Info.plist; sourceTree = "<group>"; };
		D0AB76E11F17838700E27D5F /* MemeAppTests.xctest */ = {isa = PBXFileReference; explicitFileType = wrapper.cfbundle; includeInIndex = 0; path = MemeAppTests.xctest; sourceTree = BUILT_PRODUCTS_DIR; };
		D0AB76E51F17838700E27D5F /* MemeAppTests.swift */ = {isa = PBXFileReference; lastKnownFileType = sourcecode.swift; path = MemeAppTests.swift; sourceTree = "<group>"; };
		D0AB76E71F17838700E27D5F /* Info.plist */ = {isa = PBXFileReference; lastKnownFileType = text.plist.xml; path = Info.plist; sourceTree = "<group>"; };
		D0AB76EC1F17838700E27D5F /* MemeAppUITests.xctest */ = {isa = PBXFileReference; explicitFileType = wrapper.cfbundle; includeInIndex = 0; path = MemeAppUITests.xctest; sourceTree = BUILT_PRODUCTS_DIR; };
		D0AB76F01F17838700E27D5F /* MemeAppUITests.swift */ = {isa = PBXFileReference; lastKnownFileType = sourcecode.swift; path = MemeAppUITests.swift; sourceTree = "<group>"; };
		D0AB76F21F17838700E27D5F /* Info.plist */ = {isa = PBXFileReference; lastKnownFileType = text.plist.xml; path = Info.plist; sourceTree = "<group>"; };
/* End PBXFileReference section */

/* Begin PBXFrameworksBuildPhase section */
		D0AB76CA1F17838600E27D5F /* Frameworks */ = {
			isa = PBXFrameworksBuildPhase;
			buildActionMask = 2147483647;
			files = (
			);
			runOnlyForDeploymentPostprocessing = 0;
		};
		D0AB76DE1F17838700E27D5F /* Frameworks */ = {
			isa = PBXFrameworksBuildPhase;
			buildActionMask = 2147483647;
			files = (
			);
			runOnlyForDeploymentPostprocessing = 0;
		};
		D0AB76E91F17838700E27D5F /* Frameworks */ = {
			isa = PBXFrameworksBuildPhase;
			buildActionMask = 2147483647;
			files = (
			);
			runOnlyForDeploymentPostprocessing = 0;
		};
/* End PBXFrameworksBuildPhase section */

/* Begin PBXGroup section */
		D0205B011F1BA21200A2B5A7 /* Cells */ = {
			isa = PBXGroup;
			children = (
				D0205AF71F1B8DBE00A2B5A7 /* MemeCollectionViewCell.swift */,
				D0205AF91F1B900000A2B5A7 /* MemeTableViewCell.swift */,
			);
			path = Cells;
			sourceTree = "<group>";
		};
		D0205B021F1BA21800A2B5A7 /* Delegates */ = {
			isa = PBXGroup;
			children = (
				D0205AFF1F1BA00300A2B5A7 /* MemeTextFieldDelegate.swift */,
			);
			path = Delegates;
			sourceTree = "<group>";
		};
		D0205B031F1BA21D00A2B5A7 /* Extensions */ = {
			isa = PBXGroup;
			children = (
				D0205AFB1F1B929F00A2B5A7 /* Extensions.swift */,
			);
			path = Extensions;
			sourceTree = "<group>";
		};
		D0205B041F1BA22200A2B5A7 /* ClassAndStructs */ = {
			isa = PBXGroup;
			children = (
				D0205AF51F1B898300A2B5A7 /* Meme.swift */,
			);
			path = ClassAndStructs;
			sourceTree = "<group>";
		};
		D0AB76C41F17838600E27D5F = {
			isa = PBXGroup;
			children = (
				D0AB76CF1F17838600E27D5F /* MemeApp */,
				D0AB76E41F17838700E27D5F /* MemeAppTests */,
				D0AB76EF1F17838700E27D5F /* MemeAppUITests */,
				D0AB76CE1F17838600E27D5F /* Products */,
			);
			sourceTree = "<group>";
		};
		D0AB76CE1F17838600E27D5F /* Products */ = {
			isa = PBXGroup;
			children = (
				D0AB76CD1F17838600E27D5F /* MemeApp.app */,
				D0AB76E11F17838700E27D5F /* MemeAppTests.xctest */,
				D0AB76EC1F17838700E27D5F /* MemeAppUITests.xctest */,
			);
			name = Products;
			sourceTree = "<group>";
		};
		D0AB76CF1F17838600E27D5F /* MemeApp */ = {
			isa = PBXGroup;
			children = (
				D0205B041F1BA22200A2B5A7 /* ClassAndStructs */,
				D0205B031F1BA21D00A2B5A7 /* Extensions */,
				D0205B021F1BA21800A2B5A7 /* Delegates */,
				D0205B011F1BA21200A2B5A7 /* Cells */,
				D0AB76D01F17838600E27D5F /* AppDelegate.swift */,
				D0AB76D21F17838600E27D5F /* MemeCaptureViewController.swift */,
				D0AB76D41F17838600E27D5F /* Main.storyboard */,
				D0AB76D71F17838700E27D5F /* Assets.xcassets */,
				D0AB76D91F17838700E27D5F /* LaunchScreen.storyboard */,
				D0AB76DC1F17838700E27D5F /* Info.plist */,
				D0205AF11F1B869900A2B5A7 /* MemesTableViewController.swift */,
				D0205AF31F1B86A700A2B5A7 /* MemesCollectionViewController.swift */,
				D0205B051F1BA6FF00A2B5A7 /* MemeDetailViewController.swift */,
			);
			path = MemeApp;
			sourceTree = "<group>";
		};
		D0AB76E41F17838700E27D5F /* MemeAppTests */ = {
			isa = PBXGroup;
			children = (
				D0AB76E51F17838700E27D5F /* MemeAppTests.swift */,
				D0AB76E71F17838700E27D5F /* Info.plist */,
			);
			path = MemeAppTests;
			sourceTree = "<group>";
		};
		D0AB76EF1F17838700E27D5F /* MemeAppUITests */ = {
			isa = PBXGroup;
			children = (
				D0AB76F01F17838700E27D5F /* MemeAppUITests.swift */,
				D0AB76F21F17838700E27D5F /* Info.plist */,
			);
			path = MemeAppUITests;
			sourceTree = "<group>";
		};
/* End PBXGroup section */

/* Begin PBXNativeTarget section */
		D0AB76CC1F17838600E27D5F /* MemeApp */ = {
			isa = PBXNativeTarget;
			buildConfigurationList = D0AB76F51F17838700E27D5F /* Build configuration list for PBXNativeTarget "MemeApp" */;
			buildPhases = (
				D0AB76C91F17838600E27D5F /* Sources */,
				D0AB76CA1F17838600E27D5F /* Frameworks */,
				D0AB76CB1F17838600E27D5F /* Resources */,
			);
			buildRules = (
			);
			dependencies = (
			);
			name = MemeApp;
			productName = MemeApp;
			productReference = D0AB76CD1F17838600E27D5F /* MemeApp.app */;
			productType = "com.apple.product-type.application";
		};
		D0AB76E01F17838700E27D5F /* MemeAppTests */ = {
			isa = PBXNativeTarget;
			buildConfigurationList = D0AB76F81F17838700E27D5F /* Build configuration list for PBXNativeTarget "MemeAppTests" */;
			buildPhases = (
				D0AB76DD1F17838700E27D5F /* Sources */,
				D0AB76DE1F17838700E27D5F /* Frameworks */,
				D0AB76DF1F17838700E27D5F /* Resources */,
			);
			buildRules = (
			);
			dependencies = (
				D0AB76E31F17838700E27D5F /* PBXTargetDependency */,
			);
			name = MemeAppTests;
			productName = MemeAppTests;
			productReference = D0AB76E11F17838700E27D5F /* MemeAppTests.xctest */;
			productType = "com.apple.product-type.bundle.unit-test";
		};
		D0AB76EB1F17838700E27D5F /* MemeAppUITests */ = {
			isa = PBXNativeTarget;
			buildConfigurationList = D0AB76FB1F17838700E27D5F /* Build configuration list for PBXNativeTarget "MemeAppUITests" */;
			buildPhases = (
				D0AB76E81F17838700E27D5F /* Sources */,
				D0AB76E91F17838700E27D5F /* Frameworks */,
				D0AB76EA1F17838700E27D5F /* Resources */,
			);
			buildRules = (
			);
			dependencies = (
				D0AB76EE1F17838700E27D5F /* PBXTargetDependency */,
			);
			name = MemeAppUITests;
			productName = MemeAppUITests;
			productReference = D0AB76EC1F17838700E27D5F /* MemeAppUITests.xctest */;
			productType = "com.apple.product-type.bundle.ui-testing";
		};
/* End PBXNativeTarget section */

/* Begin PBXProject section */
		D0AB76C51F17838600E27D5F /* Project object */ = {
			isa = PBXProject;
			attributes = {
				LastSwiftUpdateCheck = 0830;
				LastUpgradeCheck = 0900;
				ORGANIZATIONNAME = DeepTurf;
				TargetAttributes = {
					D0AB76CC1F17838600E27D5F = {
						CreatedOnToolsVersion = 8.3.3;
						DevelopmentTeam = H99S8C322A;
						LastSwiftMigration = 0900;
						ProvisioningStyle = Automatic;
					};
					D0AB76E01F17838700E27D5F = {
						CreatedOnToolsVersion = 8.3.3;
						DevelopmentTeam = H99S8C322A;
						LastSwiftMigration = 0900;
						ProvisioningStyle = Automatic;
						TestTargetID = D0AB76CC1F17838600E27D5F;
					};
					D0AB76EB1F17838700E27D5F = {
						CreatedOnToolsVersion = 8.3.3;
						DevelopmentTeam = H99S8C322A;
						LastSwiftMigration = 0900;
						ProvisioningStyle = Automatic;
						TestTargetID = D0AB76CC1F17838600E27D5F;
					};
				};
			};
			buildConfigurationList = D0AB76C81F17838600E27D5F /* Build configuration list for PBXProject "MemeApp" */;
			compatibilityVersion = "Xcode 3.2";
			developmentRegion = English;
			hasScannedForEncodings = 0;
			knownRegions = (
				en,
				Base,
			);
			mainGroup = D0AB76C41F17838600E27D5F;
			productRefGroup = D0AB76CE1F17838600E27D5F /* Products */;
			projectDirPath = "";
			projectRoot = "";
			targets = (
				D0AB76CC1F17838600E27D5F /* MemeApp */,
				D0AB76E01F17838700E27D5F /* MemeAppTests */,
				D0AB76EB1F17838700E27D5F /* MemeAppUITests */,
			);
		};
/* End PBXProject section */

/* Begin PBXResourcesBuildPhase section */
		D0AB76CB1F17838600E27D5F /* Resources */ = {
			isa = PBXResourcesBuildPhase;
			buildActionMask = 2147483647;
			files = (
				D0AB76DB1F17838700E27D5F /* LaunchScreen.storyboard in Resources */,
				D0AB76D81F17838700E27D5F /* Assets.xcassets in Resources */,
				D0AB76D61F17838600E27D5F /* Main.storyboard in Resources */,
			);
			runOnlyForDeploymentPostprocessing = 0;
		};
		D0AB76DF1F17838700E27D5F /* Resources */ = {
			isa = PBXResourcesBuildPhase;
			buildActionMask = 2147483647;
			files = (
			);
			runOnlyForDeploymentPostprocessing = 0;
		};
		D0AB76EA1F17838700E27D5F /* Resources */ = {
			isa = PBXResourcesBuildPhase;
			buildActionMask = 2147483647;
			files = (
			);
			runOnlyForDeploymentPostprocessing = 0;
		};
/* End PBXResourcesBuildPhase section */

/* Begin PBXSourcesBuildPhase section */
		D0AB76C91F17838600E27D5F /* Sources */ = {
			isa = PBXSourcesBuildPhase;
			buildActionMask = 2147483647;
			files = (
				D0205AF81F1B8DBE00A2B5A7 /* MemeCollectionViewCell.swift in Sources */,
				D0205AFC1F1B929F00A2B5A7 /* Extensions.swift in Sources */,
				D0205AF41F1B86A700A2B5A7 /* MemesCollectionViewController.swift in Sources */,
				D0AB76D31F17838600E27D5F /* MemeCaptureViewController.swift in Sources */,
				D0205B001F1BA00300A2B5A7 /* MemeTextFieldDelegate.swift in Sources */,
				D0205AF21F1B869900A2B5A7 /* MemesTableViewController.swift in Sources */,
				D0205AFA1F1B900000A2B5A7 /* MemeTableViewCell.swift in Sources */,
				D0AB76D11F17838600E27D5F /* AppDelegate.swift in Sources */,
				D0205AF61F1B898300A2B5A7 /* Meme.swift in Sources */,
				D0205B061F1BA6FF00A2B5A7 /* MemeDetailViewController.swift in Sources */,
			);
			runOnlyForDeploymentPostprocessing = 0;
		};
		D0AB76DD1F17838700E27D5F /* Sources */ = {
			isa = PBXSourcesBuildPhase;
			buildActionMask = 2147483647;
			files = (
				D0AB76E61F17838700E27D5F /* MemeAppTests.swift in Sources */,
			);
			runOnlyForDeploymentPostprocessing = 0;
		};
		D0AB76E81F17838700E27D5F /* Sources */ = {
			isa = PBXSourcesBuildPhase;
			buildActionMask = 2147483647;
			files = (
				D0AB76F11F17838700E27D5F /* MemeAppUITests.swift in Sources */,
			);
			runOnlyForDeploymentPostprocessing = 0;
		};
/* End PBXSourcesBuildPhase section */

/* Begin PBXTargetDependency section */
		D0AB76E31F17838700E27D5F /* PBXTargetDependency */ = {
			isa = PBXTargetDependency;
			target = D0AB76CC1F17838600E27D5F /* MemeApp */;
			targetProxy = D0AB76E21F17838700E27D5F /* PBXContainerItemProxy */;
		};
		D0AB76EE1F17838700E27D5F /* PBXTargetDependency */ = {
			isa = PBXTargetDependency;
			target = D0AB76CC1F17838600E27D5F /* MemeApp */;
			targetProxy = D0AB76ED1F17838700E27D5F /* PBXContainerItemProxy */;
		};
/* End PBXTargetDependency section */

/* Begin PBXVariantGroup section */
		D0AB76D41F17838600E27D5F /* Main.storyboard */ = {
			isa = PBXVariantGroup;
			children = (
				D0AB76D51F17838600E27D5F /* Base */,
			);
			name = Main.storyboard;
			sourceTree = "<group>";
		};
		D0AB76D91F17838700E27D5F /* LaunchScreen.storyboard */ = {
			isa = PBXVariantGroup;
			children = (
				D0AB76DA1F17838700E27D5F /* Base */,
			);
			name = LaunchScreen.storyboard;
			sourceTree = "<group>";
		};
/* End PBXVariantGroup section */

/* Begin XCBuildConfiguration section */
		D0AB76F31F17838700E27D5F /* Debug */ = {
			isa = XCBuildConfiguration;
			buildSettings = {
				ALWAYS_SEARCH_USER_PATHS = NO;
				CLANG_ANALYZER_NONNULL = YES;
				CLANG_ANALYZER_NUMBER_OBJECT_CONVERSION = YES_AGGRESSIVE;
				CLANG_CXX_LANGUAGE_STANDARD = "gnu++0x";
				CLANG_CXX_LIBRARY = "libc++";
				CLANG_ENABLE_MODULES = YES;
				CLANG_ENABLE_OBJC_ARC = YES;
				CLANG_WARN_BLOCK_CAPTURE_AUTORELEASING = YES;
				CLANG_WARN_BOOL_CONVERSION = YES;
				CLANG_WARN_COMMA = YES;
				CLANG_WARN_CONSTANT_CONVERSION = YES;
				CLANG_WARN_DIRECT_OBJC_ISA_USAGE = YES_ERROR;
				CLANG_WARN_DOCUMENTATION_COMMENTS = YES;
				CLANG_WARN_EMPTY_BODY = YES;
				CLANG_WARN_ENUM_CONVERSION = YES;
				CLANG_WARN_INFINITE_RECURSION = YES;
				CLANG_WARN_INT_CONVERSION = YES;
				CLANG_WARN_NON_LITERAL_NULL_CONVERSION = YES;
				CLANG_WARN_OBJC_LITERAL_CONVERSION = YES;
				CLANG_WARN_OBJC_ROOT_CLASS = YES_ERROR;
				CLANG_WARN_RANGE_LOOP_ANALYSIS = YES;
				CLANG_WARN_STRICT_PROTOTYPES = YES;
				CLANG_WARN_SUSPICIOUS_MOVE = YES;
				CLANG_WARN_UNREACHABLE_CODE = YES;
				CLANG_WARN__DUPLICATE_METHOD_MATCH = YES;
				"CODE_SIGN_IDENTITY[sdk=iphoneos*]" = "iPhone Developer";
				COPY_PHASE_STRIP = NO;
				DEBUG_INFORMATION_FORMAT = dwarf;
				ENABLE_STRICT_OBJC_MSGSEND = YES;
				ENABLE_TESTABILITY = YES;
				GCC_C_LANGUAGE_STANDARD = gnu99;
				GCC_DYNAMIC_NO_PIC = NO;
				GCC_NO_COMMON_BLOCKS = YES;
				GCC_OPTIMIZATION_LEVEL = 0;
				GCC_PREPROCESSOR_DEFINITIONS = (
					"DEBUG=1",
					"$(inherited)",
				);
				GCC_WARN_64_TO_32_BIT_CONVERSION = YES;
				GCC_WARN_ABOUT_RETURN_TYPE = YES_ERROR;
				GCC_WARN_UNDECLARED_SELECTOR = YES;
				GCC_WARN_UNINITIALIZED_AUTOS = YES_AGGRESSIVE;
				GCC_WARN_UNUSED_FUNCTION = YES;
				GCC_WARN_UNUSED_VARIABLE = YES;
				IPHONEOS_DEPLOYMENT_TARGET = 10.3;
				MTL_ENABLE_DEBUG_INFO = YES;
				ONLY_ACTIVE_ARCH = YES;
				SDKROOT = iphoneos;
				SWIFT_ACTIVE_COMPILATION_CONDITIONS = DEBUG;
				SWIFT_OPTIMIZATION_LEVEL = "-Onone";
			};
			name = Debug;
		};
		D0AB76F41F17838700E27D5F /* Release */ = {
			isa = XCBuildConfiguration;
			buildSettings = {
				ALWAYS_SEARCH_USER_PATHS = NO;
				CLANG_ANALYZER_NONNULL = YES;
				CLANG_ANALYZER_NUMBER_OBJECT_CONVERSION = YES_AGGRESSIVE;
				CLANG_CXX_LANGUAGE_STANDARD = "gnu++0x";
				CLANG_CXX_LIBRARY = "libc++";
				CLANG_ENABLE_MODULES = YES;
				CLANG_ENABLE_OBJC_ARC = YES;
				CLANG_WARN_BLOCK_CAPTURE_AUTORELEASING = YES;
				CLANG_WARN_BOOL_CONVERSION = YES;
				CLANG_WARN_COMMA = YES;
				CLANG_WARN_CONSTANT_CONVERSION = YES;
				CLANG_WARN_DIRECT_OBJC_ISA_USAGE = YES_ERROR;
				CLANG_WARN_DOCUMENTATION_COMMENTS = YES;
				CLANG_WARN_EMPTY_BODY = YES;
				CLANG_WARN_ENUM_CONVERSION = YES;
				CLANG_WARN_INFINITE_RECURSION = YES;
				CLANG_WARN_INT_CONVERSION = YES;
				CLANG_WARN_NON_LITERAL_NULL_CONVERSION = YES;
				CLANG_WARN_OBJC_LITERAL_CONVERSION = YES;
				CLANG_WARN_OBJC_ROOT_CLASS = YES_ERROR;
				CLANG_WARN_RANGE_LOOP_ANALYSIS = YES;
				CLANG_WARN_STRICT_PROTOTYPES = YES;
				CLANG_WARN_SUSPICIOUS_MOVE = YES;
				CLANG_WARN_UNREACHABLE_CODE = YES;
				CLANG_WARN__DUPLICATE_METHOD_MATCH = YES;
				"CODE_SIGN_IDENTITY[sdk=iphoneos*]" = "iPhone Developer";
				COPY_PHASE_STRIP = NO;
				DEBUG_INFORMATION_FORMAT = "dwarf-with-dsym";
				ENABLE_NS_ASSERTIONS = NO;
				ENABLE_STRICT_OBJC_MSGSEND = YES;
				GCC_C_LANGUAGE_STANDARD = gnu99;
				GCC_NO_COMMON_BLOCKS = YES;
				GCC_WARN_64_TO_32_BIT_CONVERSION = YES;
				GCC_WARN_ABOUT_RETURN_TYPE = YES_ERROR;
				GCC_WARN_UNDECLARED_SELECTOR = YES;
				GCC_WARN_UNINITIALIZED_AUTOS = YES_AGGRESSIVE;
				GCC_WARN_UNUSED_FUNCTION = YES;
				GCC_WARN_UNUSED_VARIABLE = YES;
				IPHONEOS_DEPLOYMENT_TARGET = 10.3;
				MTL_ENABLE_DEBUG_INFO = NO;
				SDKROOT = iphoneos;
				SWIFT_OPTIMIZATION_LEVEL = "-Owholemodule";
				VALIDATE_PRODUCT = YES;
			};
			name = Release;
		};
		D0AB76F61F17838700E27D5F /* Debug */ = {
			isa = XCBuildConfiguration;
			buildSettings = {
				ASSETCATALOG_COMPILER_APPICON_NAME = AppIcon;
				DEVELOPMENT_TEAM = H99S8C322A;
				INFOPLIST_FILE = MemeApp/Info.plist;
				LD_RUNPATH_SEARCH_PATHS = "$(inherited) @executable_path/Frameworks";
				PRODUCT_BUNDLE_IDENTIFIER = com.deepturf.MemeApp;
				PRODUCT_NAME = "$(TARGET_NAME)";
				SWIFT_SWIFT3_OBJC_INFERENCE = On;
				SWIFT_VERSION = 4.0;
			};
			name = Debug;
		};
		D0AB76F71F17838700E27D5F /* Release */ = {
			isa = XCBuildConfiguration;
			buildSettings = {
				ASSETCATALOG_COMPILER_APPICON_NAME = AppIcon;
				DEVELOPMENT_TEAM = H99S8C322A;
				INFOPLIST_FILE = MemeApp/Info.plist;
				LD_RUNPATH_SEARCH_PATHS = "$(inherited) @executable_path/Frameworks";
				PRODUCT_BUNDLE_IDENTIFIER = com.deepturf.MemeApp;
				PRODUCT_NAME = "$(TARGET_NAME)";
				SWIFT_SWIFT3_OBJC_INFERENCE = On;
				SWIFT_VERSION = 4.0;
			};
			name = Release;
		};
		D0AB76F91F17838700E27D5F /* Debug */ = {
			isa = XCBuildConfiguration;
			buildSettings = {
				ALWAYS_EMBED_SWIFT_STANDARD_LIBRARIES = YES;
				BUNDLE_LOADER = "$(TEST_HOST)";
				DEVELOPMENT_TEAM = H99S8C322A;
				INFOPLIST_FILE = MemeAppTests/Info.plist;
				LD_RUNPATH_SEARCH_PATHS = "$(inherited) @executable_path/Frameworks @loader_path/Frameworks";
				PRODUCT_BUNDLE_IDENTIFIER = com.deepturf.MemeAppTests;
				PRODUCT_NAME = "$(TARGET_NAME)";
				SWIFT_SWIFT3_OBJC_INFERENCE = On;
				SWIFT_VERSION = 4.0;
				TEST_HOST = "$(BUILT_PRODUCTS_DIR)/MemeApp.app/MemeApp";
			};
			name = Debug;
		};
		D0AB76FA1F17838700E27D5F /* Release */ = {
			isa = XCBuildConfiguration;
			buildSettings = {
				ALWAYS_EMBED_SWIFT_STANDARD_LIBRARIES = YES;
				BUNDLE_LOADER = "$(TEST_HOST)";
				DEVELOPMENT_TEAM = H99S8C322A;
				INFOPLIST_FILE = MemeAppTests/Info.plist;
				LD_RUNPATH_SEARCH_PATHS = "$(inherited) @executable_path/Frameworks @loader_path/Frameworks";
				PRODUCT_BUNDLE_IDENTIFIER = com.deepturf.MemeAppTests;
				PRODUCT_NAME = "$(TARGET_NAME)";
				SWIFT_SWIFT3_OBJC_INFERENCE = On;
				SWIFT_VERSION = 4.0;
				TEST_HOST = "$(BUILT_PRODUCTS_DIR)/MemeApp.app/MemeApp";
			};
			name = Release;
		};
		D0AB76FC1F17838700E27D5F /* Debug */ = {
			isa = XCBuildConfiguration;
			buildSettings = {
				ALWAYS_EMBED_SWIFT_STANDARD_LIBRARIES = YES;
				DEVELOPMENT_TEAM = H99S8C322A;
				INFOPLIST_FILE = MemeAppUITests/Info.plist;
				LD_RUNPATH_SEARCH_PATHS = "$(inherited) @executable_path/Frameworks @loader_path/Frameworks";
				PRODUCT_BUNDLE_IDENTIFIER = com.deepturf.MemeAppUITests;
				PRODUCT_NAME = "$(TARGET_NAME)";
				SWIFT_SWIFT3_OBJC_INFERENCE = On;
				SWIFT_VERSION = 4.0;
				TEST_TARGET_NAME = MemeApp;
			};
			name = Debug;
		};
		D0AB76FD1F17838700E27D5F /* Release */ = {
			isa = XCBuildConfiguration;
			buildSettings = {
				ALWAYS_EMBED_SWIFT_STANDARD_LIBRARIES = YES;
				DEVELOPMENT_TEAM = H99S8C322A;
				INFOPLIST_FILE = MemeAppUITests/Info.plist;
				LD_RUNPATH_SEARCH_PATHS = "$(inherited) @executable_path/Frameworks @loader_path/Frameworks";
				PRODUCT_BUNDLE_IDENTIFIER = com.deepturf.MemeAppUITests;
				PRODUCT_NAME = "$(TARGET_NAME)";
				SWIFT_SWIFT3_OBJC_INFERENCE = On;
				SWIFT_VERSION = 4.0;
				TEST_TARGET_NAME = MemeApp;
			};
			name = Release;
		};
/* End XCBuildConfiguration section */

/* Begin XCConfigurationList section */
		D0AB76C81F17838600E27D5F /* Build configuration list for PBXProject "MemeApp" */ = {
			isa = XCConfigurationList;
			buildConfigurations = (
				D0AB76F31F17838700E27D5F /* Debug */,
				D0AB76F41F17838700E27D5F /* Release */,
			);
			defaultConfigurationIsVisible = 0;
			defaultConfigurationName = Release;
		};
		D0AB76F51F17838700E27D5F /* Build configuration list for PBXNativeTarget "MemeApp" */ = {
			isa = XCConfigurationList;
			buildConfigurations = (
				D0AB76F61F17838700E27D5F /* Debug */,
				D0AB76F71F17838700E27D5F /* Release */,
			);
			defaultConfigurationIsVisible = 0;
			defaultConfigurationName = Release;
		};
		D0AB76F81F17838700E27D5F /* Build configuration list for PBXNativeTarget "MemeAppTests" */ = {
			isa = XCConfigurationList;
			buildConfigurations = (
				D0AB76F91F17838700E27D5F /* Debug */,
				D0AB76FA1F17838700E27D5F /* Release */,
			);
			defaultConfigurationIsVisible = 0;
			defaultConfigurationName = Release;
		};
		D0AB76FB1F17838700E27D5F /* Build configuration list for PBXNativeTarget "MemeAppUITests" */ = {
			isa = XCConfigurationList;
			buildConfigurations = (
				D0AB76FC1F17838700E27D5F /* Debug */,
				D0AB76FD1F17838700E27D5F /* Release */,
			);
			defaultConfigurationIsVisible = 0;
			defaultConfigurationName = Release;
		};
/* End XCConfigurationList section */
	};
	rootObject = D0AB76C51F17838600E27D5F /* Project object */;
}
